
Microsoft Visual Studio Solution File, Format Version 12.00
# Visual Studio Version 17
VisualStudioVersion = 17.3.32929.385
MinimumVisualStudioVersion = 10.0.40219.1
Project("{FAE04EC0-301F-11D3-BF4B-00C04F79EFBC}") = "AppWhichReturnLength", "AppWhichReturnLength.csproj", "{E47BC012-F9D4-4971-8A3A-9461953BAC4B}"
EndProject
Global
	GlobalSection(SolutionConfigurationPlatforms) = preSolution
		Debug|Any CPU = Debug|Any CPU
		Release|Any CPU = Release|Any CPU
	EndGlobalSection
	GlobalSection(ProjectConfigurationPlatforms) = postSolution
		{E47BC012-F9D4-4971-8A3A-9461953BAC4B}.Debug|Any CPU.ActiveCfg = Debug|Any CPU
		{E47BC012-F9D4-4971-8A3A-9461953BAC4B}.Debug|Any CPU.Build.0 = Debug|Any CPU
		{E47BC012-F9D4-4971-8A3A-9461953BAC4B}.Release|Any CPU.ActiveCfg = Release|Any CPU
		{E47BC012-F9D4-4971-8A3A-9461953BAC4B}.Release|Any CPU.Build.0 = Release|Any CPU
	EndGlobalSection
	GlobalSection(SolutionProperties) = preSolution
		HideSolutionNode = FALSE
	EndGlobalSection
	GlobalSection(ExtensibilityGlobals) = postSolution
		SolutionGuid = {5A72EC1F-D61D-4BDE-8C88-F8EB425B2369}
	EndGlobalSection
EndGlobal
